github.com/btnguyen2k/consu/reddo v0.1.7/go.mod h1:pdY5oIVX3noZIaZu3nvoKZ59+seXL/taXNGWh9xJDbg=
github.com/btnguyen2k/consu/reddo v0.1.8 h1:pEAkB6eadp/q+ONy97/JkAAyj058uIgkSu8b862Fwug=
github.com/btnguyen2k/consu/reddo v0.1.8/go.mod h1:pdY5oIVX3noZIaZu3nvoKZ59+seXL/taXNGWh9xJDbg=
github.com/btnguyen2k/consu/semita v0.1.5 h1:fu71xNJTbCV8T+6QPJdJu3bxtmLWvTjCepkvujF74+I=
github.com/btnguyen2k/consu/semita v0.1.5/go.mod h1:fksCe3L4kxiJVnKKhUXKI8mcFdB9974mtedwUVVFu1M=
